Microsoft Visual Studio Solution File, Format Version 12.00
# Visual Studio 15
VisualStudioVersion = 15.0.27130.2026
MinimumVisualStudioVersion = 10.0.40219.1
Project("{FAE04EC0-301F-11D3-BF4B-00C04F79EFBC}") = "RoslynMetrics", "RoslynMetrics\RoslynMetrics.csproj", "{99EE71A0-378B-4E52-954E-A34F5081E425}"
EndProject
Project("{FAE04EC0-301F-11D3-BF4B-00C04F79EFBC}") = "RoslynMetrics.CSharp", "RoslynMetrics.CSharp\RoslynMetrics.CSharp.csproj", "{6F1663E5-C478-4383-9AB6-4835FE0EFC6E}"
EndProject
Project("{FAE04EC0-301F-11D3-BF4B-00C04F79EFBC}") = "RoslynMetrics.Contracts", "RoslynMetrics.Contract\RoslynMetrics.Contracts.csproj", "{93A21782-48D9-4763-8A1F-DB5F55D946F8}"
EndProject
Global
	GlobalSection(SolutionConfigurationPlatforms) = preSolution
		Debug|Any CPU = Debug|Any CPU
		Release|Any CPU = Release|Any CPU
	EndGlobalSection
	GlobalSection(ProjectConfigurationPlatforms) = postSolution
		{99EE71A0-378B-4E52-954E-A34F5081E425}.Debug|Any CPU.ActiveCfg = Debug|Any CPU
		{99EE71A0-378B-4E52-954E-A34F5081E425}.Debug|Any CPU.Build.0 = Debug|Any CPU
		{99EE71A0-378B-4E52-954E-A34F5081E425}.Release|Any CPU.ActiveCfg = Release|Any CPU
		{99EE71A0-378B-4E52-954E-A34F5081E425}.Release|Any CPU.Build.0 = Release|Any CPU
		{6F1663E5-C478-4383-9AB6-4835FE0EFC6E}.Debug|Any CPU.ActiveCfg = Debug|Any CPU
		{6F1663E5-C478-4383-9AB6-4835FE0EFC6E}.Debug|Any CPU.Build.0 = Debug|Any CPU
		{6F1663E5-C478-4383-9AB6-4835FE0EFC6E}.Release|Any CPU.ActiveCfg = Release|Any CPU
		{6F1663E5-C478-4383-9AB6-4835FE0EFC6E}.Release|Any CPU.Build.0 = Release|Any CPU
		{93A21782-48D9-4763-8A1F-DB5F55D946F8}.Debug|Any CPU.ActiveCfg = Debug|Any CPU
		{93A21782-48D9-4763-8A1F-DB5F55D946F8}.Debug|Any CPU.Build.0 = Debug|Any CPU
		{93A21782-48D9-4763-8A1F-DB5F55D946F8}.Release|Any CPU.ActiveCfg = Release|Any CPU
		{93A21782-48D9-4763-8A1F-DB5F55D946F8}.Release|Any CPU.Build.0 = Release|Any CPU
	EndGlobalSection
	GlobalSection(SolutionProperties) = preSolution
		HideSolutionNode = FALSE
	EndGlobalSection
	GlobalSection(ExtensibilityGlobals) = postSolution
		SolutionGuid = {A1EA1DE8-FA83-4665-814A-409F67538073}
	EndGlobalSection
EndGlobal
